
Microsoft Visual Studio Solution File, Format Version 12.00
# Visual Studio 14
VisualStudioVersion = 14.0.23103.0
MinimumVisualStudioVersion = 10.0.40219.1
Project("{2150E333-8FDC-42A3-9474-1A3956D46DE8}") = "src", "src", "{17C5E9A5-3DBE-4276-B5F0-FFB853164152}"
EndProject
Project("{2150E333-8FDC-42A3-9474-1A3956D46DE8}") = "Solution Items", "Solution Items", "{A37167D8-3B4A-417F-A91B-E74917BD3BCC}"
	ProjectSection(SolutionItems) = preProject
		global.json = global.json
	EndProjectSection
EndProject
Project("{8BB2217D-0F2D-49D1-97BC-3654ED321F3B}") = "WebApplication5", "src\WebApplication5\WebApplication5.xproj", "{CABEC732-1F8B-4D15-911B-ED7964513A0E}"
EndProject
Global
	GlobalSection(SolutionConfigurationPlatforms) = preSolution
		Debug|Any CPU = Debug|Any CPU
		Release|Any CPU = Release|Any CPU
	EndGlobalSection
	GlobalSection(ProjectConfigurationPlatforms) = postSolution
		{CABEC732-1F8B-4D15-911B-ED7964513A0E}.Debug|Any CPU.ActiveCfg = Debug|Any CPU
		{CABEC732-1F8B-4D15-911B-ED7964513A0E}.Debug|Any CPU.Build.0 = Debug|Any CPU
		{CABEC732-1F8B-4D15-911B-ED7964513A0E}.Release|Any CPU.ActiveCfg = Release|Any CPU
		{CABEC732-1F8B-4D15-911B-ED7964513A0E}.Release|Any CPU.Build.0 = Release|Any CPU
	EndGlobalSection
	GlobalSection(SolutionProperties) = preSolution
		HideSolutionNode = FALSE
	EndGlobalSection
	GlobalSection(NestedProjects) = preSolution
		{CABEC732-1F8B-4D15-911B-ED7964513A0E} = {17C5E9A5-3DBE-4276-B5F0-FFB853164152}
	EndGlobalSection
EndGlobal
